
Microsoft Visual Studio Solution File, Format Version 12.00
# Visual Studio Version 16
VisualStudioVersion = 16.0.31105.61
MinimumVisualStudioVersion = 10.0.40219.1
Project("{FAE04EC0-301F-11D3-BF4B-00C04F79EFBC}") = "Exerceise1", "Exerceise1\Exerceise1.csproj", "{5285DE04-A88A-4A1C-97A7-3A25BD3EC531}"
EndProject
Global
	GlobalSection(SolutionConfigurationPlatforms) = preSolution
		Debug|Any CPU = Debug|Any CPU
		Release|Any CPU = Release|Any CPU
	EndGlobalSection
	GlobalSection(ProjectConfigurationPlatforms) = postSolution
		{5285DE04-A88A-4A1C-97A7-3A25BD3EC531}.Debug|Any CPU.ActiveCfg = Debug|Any CPU
		{5285DE04-A88A-4A1C-97A7-3A25BD3EC531}.Debug|Any CPU.Build.0 = Debug|Any CPU
		{5285DE04-A88A-4A1C-97A7-3A25BD3EC531}.Release|Any CPU.ActiveCfg = Release|Any CPU
		{5285DE04-A88A-4A1C-97A7-3A25BD3EC531}.Release|Any CPU.Build.0 = Release|Any CPU
	EndGlobalSection
	GlobalSection(SolutionProperties) = preSolution
		HideSolutionNode = FALSE
	EndGlobalSection
	GlobalSection(ExtensibilityGlobals) = postSolution
		SolutionGuid = {58412B58-1D71-461A-A81B-3FC49D0F1CAD}
	EndGlobalSection
EndGlobal
